
Microsoft Visual Studio Solution File, Format Version 12.00
# Visual Studio Version 17
VisualStudioVersion = 17.13.35931.197 d17.13
MinimumVisualStudioVersion = 10.0.40219.1
Project("{FAE04EC0-301F-11D3-BF4B-00C04F79EFBC}") = "nothing01", "nothing01.csproj", "{E44F8877-677B-4BDF-912F-3269C1DEE64D}"
EndProject
Global
	GlobalSection(SolutionConfigurationPlatforms) = preSolution
		Debug|Any CPU = Debug|Any CPU
		Release|Any CPU = Release|Any CPU
	EndGlobalSection
	GlobalSection(ProjectConfigurationPlatforms) = postSolution
		{E44F8877-677B-4BDF-912F-3269C1DEE64D}.Debug|Any CPU.ActiveCfg = Debug|Any CPU
		{E44F8877-677B-4BDF-912F-3269C1DEE64D}.Debug|Any CPU.Build.0 = Debug|Any CPU
		{E44F8877-677B-4BDF-912F-3269C1DEE64D}.Release|Any CPU.ActiveCfg = Release|Any CPU
		{E44F8877-677B-4BDF-912F-3269C1DEE64D}.Release|Any CPU.Build.0 = Release|Any CPU
	EndGlobalSection
	GlobalSection(SolutionProperties) = preSolution
		HideSolutionNode = FALSE
	EndGlobalSection
	GlobalSection(ExtensibilityGlobals) = postSolution
		SolutionGuid = {2FCE9C57-0C96-43C4-9623-22F0601D9FCF}
	EndGlobalSection
EndGlobal
